Microsoft Visual Studio Solution File, Format Version 12.00
# Visual Studio Version 17
VisualStudioVersion = 17.0.31903.59
MinimumVisualStudioVersion = 10.0.40219.1
Project("{FAE04EC0-301F-11D3-BF4B-00C04F79EFBC}") = "ORIScore.ESPsim.App", "src\ORIScore.ESPsim.App\ORIScore.ESPsim.App.csproj", "{6E7B6075-2B18-4C8F-9D83-5529A3A2A101}"
EndProject
Project("{FAE04EC0-301F-11D3-BF4B-00C04F79EFBC}") = "ORIScore.ESPsim.Runner", "src\ORIScore.ESPsim.Runner\ORIScore.ESPsim.Runner.csproj", "{31577F74-26EA-4ED7-9BA1-B8B43E6C6C8C}"
EndProject
Global
	GlobalSection(SolutionConfigurationPlatforms) = preSolution
		Debug|Any CPU = Debug|Any CPU
		Release|Any CPU = Release|Any CPU
	EndGlobalSection
	GlobalSection(ProjectConfigurationPlatforms) = postSolution
		{6E7B6075-2B18-4C8F-9D83-5529A3A2A101}.Debug|Any CPU.ActiveCfg = Debug|Any CPU
		{6E7B6075-2B18-4C8F-9D83-5529A3A2A101}.Debug|Any CPU.Build.0 = Debug|Any CPU
		{6E7B6075-2B18-4C8F-9D83-5529A3A2A101}.Release|Any CPU.ActiveCfg = Release|Any CPU
		{6E7B6075-2B18-4C8F-9D83-5529A3A2A101}.Release|Any CPU.Build.0 = Release|Any CPU
		{31577F74-26EA-4ED7-9BA1-B8B43E6C6C8C}.Debug|Any CPU.ActiveCfg = Debug|Any CPU
		{31577F74-26EA-4ED7-9BA1-B8B43E6C6C8C}.Debug|Any CPU.Build.0 = Debug|Any CPU
		{31577F74-26EA-4ED7-9BA1-B8B43E6C6C8C}.Release|Any CPU.ActiveCfg = Release|Any CPU
		{31577F74-26EA-4ED7-9BA1-B8B43E6C6C8C}.Release|Any CPU.Build.0 = Release|Any CPU
	EndGlobalSection
	GlobalSection(SolutionProperties) = preSolution
		HideSolutionNode = FALSE
	EndGlobalSection
EndGlobal
